
Microsoft Visual Studio Solution File, Format Version 12.00
# Visual Studio Version 16
VisualStudioVersion = 16.0.30717.126
MinimumVisualStudioVersion = 10.0.40219.1
Project("{FAE04EC0-301F-11D3-BF4B-00C04F79EFBC}") = "raceday", "raceday\raceday.csproj", "{924E71B7-23AA-406D-A131-BCFDA611FD64}"
EndProject
Global
	GlobalSection(SolutionConfigurationPlatforms) = preSolution
		Debug|Any CPU = Debug|Any CPU
		Release|Any CPU = Release|Any CPU
	EndGlobalSection
	GlobalSection(ProjectConfigurationPlatforms) = postSolution
		{924E71B7-23AA-406D-A131-BCFDA611FD64}.Debug|Any CPU.ActiveCfg = Debug|Any CPU
		{924E71B7-23AA-406D-A131-BCFDA611FD64}.Debug|Any CPU.Build.0 = Debug|Any CPU
		{924E71B7-23AA-406D-A131-BCFDA611FD64}.Release|Any CPU.ActiveCfg = Release|Any CPU
		{924E71B7-23AA-406D-A131-BCFDA611FD64}.Release|Any CPU.Build.0 = Release|Any CPU
	EndGlobalSection
	GlobalSection(SolutionProperties) = preSolution
		HideSolutionNode = FALSE
	EndGlobalSection
	GlobalSection(ExtensibilityGlobals) = postSolution
		SolutionGuid = {D22D44B6-16D3-418D-B73F-D941939D6904}
	EndGlobalSection
EndGlobal
